// !$*UTF8*$!
{
	archiveVersion = 1;
	classes = {
	};
	objectVersion = 54;
	objects = {

/* Begin PBXBuildFile section */
		31D09C83B6E92FA9BC398A35 /* Pods_iMS.framework in Frameworks */ = {isa = PBXBuildFile; fileRef = B479FD3F7305D78E38D040C8 /* Pods_iMS.framework */; };
		8F24D41C1B0F875D00F05394 /* clefList.plist in Resources */ = {isa = PBXBuildFile; fileRef = 8F24D41B1B0F875D00F05394 /* clefList.plist */; };
		8F3DC5361BBD3056000D1E99 /* InfoPlist.strings in Resources */ = {isa = PBXBuildFile; fileRef = 8F3DC5381BBD3056000D1E99 /* InfoPlist.strings */; };
		8F4E05291B0E0B7E0007A06F /* AppDelegate.swift in Sources */ = {isa = PBXBuildFile; fileRef = 8F4E05281B0E0B7E0007A06F /* AppDelegate.swift */; };
		8F4E052B1B0E0B7E0007A06F /* ViewController.swift in Sources */ = {isa = PBXBuildFile; fileRef = 8F4E052A1B0E0B7E0007A06F /* ViewController.swift */; };
		8F4E052E1B0E0B7E0007A06F /* Main.storyboard in Resources */ = {isa = PBXBuildFile; fileRef = 8F4E052C1B0E0B7E0007A06F /* Main.storyboard */; };
		8F4E05301B0E0B7E0007A06F /* Images.xcassets in Resources */ = {isa = PBXBuildFile; fileRef = 8F4E052F1B0E0B7E0007A06F /* Images.xcassets */; };
		8F4E053F1B0E0B7E0007A06F /* iMSTests.swift in Sources */ = {isa = PBXBuildFile; fileRef = 8F4E053E1B0E0B7E0007A06F /* iMSTests.swift */; };
		8F553DD11B1753B400E215F5 /* SuperViewController.swift in Sources */ = {isa = PBXBuildFile; fileRef = 8F553DD01B1753B400E215F5 /* SuperViewController.swift */; };
		8F665AC61B84CA4700B357C1 /* Launch Screen.xib in Resources */ = {isa = PBXBuildFile; fileRef = 8F665AC51B84CA4600B357C1 /* Launch Screen.xib */; };
		8F70B28A1B198979007D97CA /* a0.mp3 in Resources */ = {isa = PBXBuildFile; fileRef = 8F70B2321B198979007D97CA /* a0.mp3 */; };
		8F70B28B1B198979007D97CA /* a0m.mp3 in Resources */ = {isa = PBXBuildFile; fileRef = 8F70B2331B198979007D97CA /* a0m.mp3 */; };
		8F70B28C1B198979007D97CA /* a1.mp3 in Resources */ = {isa = PBXBuildFile; fileRef = 8F70B2341B198979007D97CA /* a1.mp3 */; };
		8F70B28D1B198979007D97CA /* a1m.mp3 in Resources */ = {isa = PBXBuildFile; fileRef = 8F70B2351B198979007D97CA /* a1m.mp3 */; };
		8F70B28E1B198979007D97CA /* a2.mp3 in Resources */ = {isa = PBXBuildFile; fileRef = 8F70B2361B198979007D97CA /* a2.mp3 */; };
		8F70B28F1B198979007D97CA /* a2m.mp3 in Resources */ = {isa = PBXBuildFile; fileRef = 8F70B2371B198979007D97CA /* a2m.mp3 */; };
		8F70B2901B198979007D97CA /* a3.mp3 in Resources */ = {isa = PBXBuildFile; fileRef = 8F70B2381B198979007D97CA /* a3.mp3 */; };
		8F70B2911B198979007D97CA /* a3m.mp3 in Resources */ = {isa = PBXBuildFile; fileRef = 8F70B2391B198979007D97CA /* a3m.mp3 */; };
		8F70B2921B198979007D97CA /* a4.mp3 in Resources */ = {isa = PBXBuildFile; fileRef = 8F70B23A1B198979007D97CA /* a4.mp3 */; };
		8F70B2931B198979007D97CA /* a4m.mp3 in Resources */ = {isa = PBXBuildFile; fileRef = 8F70B23B1B198979007D97CA /* a4m.mp3 */; };
		8F70B2941B198979007D97CA /* a5.mp3 in Resources */ = {isa = PBXBuildFile; fileRef = 8F70B23C1B198979007D97CA /* a5.mp3 */; };
		8F70B2951B198979007D97CA /* a5m.mp3 in Resources */ = {isa = PBXBuildFile; fileRef = 8F70B23D1B198979007D97CA /* a5m.mp3 */; };
		8F70B2961B198979007D97CA /* a6.mp3 in Resources */ = {isa = PBXBuildFile; fileRef = 8F70B23E1B198979007D97CA /* a6.mp3 */; };
		8F70B2971B198979007D97CA /* a6m.mp3 in Resources */ = {isa = PBXBuildFile; fileRef = 8F70B23F1B198979007D97CA /* a6m.mp3 */; };
		8F70B2981B198979007D97CA /* a7.mp3 in Resources */ = {isa = PBXBuildFile; fileRef = 8F70B2401B198979007D97CA /* a7.mp3 */; };
		8F70B2991B198979007D97CA /* a7m.mp3 in Resources */ = {isa = PBXBuildFile; fileRef = 8F70B2411B198979007D97CA /* a7m.mp3 */; };
		8F70B29A1B198979007D97CA /* b0.mp3 in Resources */ = {isa = PBXBuildFile; fileRef = 8F70B2421B198979007D97CA /* b0.mp3 */; };
		8F70B29B1B198979007D97CA /* b1.mp3 in Resources */ = {isa = PBXBuildFile; fileRef = 8F70B2431B198979007D97CA /* b1.mp3 */; };
		8F70B29C1B198979007D97CA /* b2.mp3 in Resources */ = {isa = PBXBuildFile; fileRef = 8F70B2441B198979007D97CA /* b2.mp3 */; };
		8F70B29D1B198979007D97CA /* b3.mp3 in Resources */ = {isa = PBXBuildFile; fileRef = 8F70B2451B198979007D97CA /* b3.mp3 */; };
		8F70B29E1B198979007D97CA /* b4.mp3 in Resources */ = {isa = PBXBuildFile; fileRef = 8F70B2461B198979007D97CA /* b4.mp3 */; };
		8F70B29F1B198979007D97CA /* b5.mp3 in Resources */ = {isa = PBXBuildFile; fileRef = 8F70B2471B198979007D97CA /* b5.mp3 */; };
		8F70B2A01B198979007D97CA /* b6.mp3 in Resources */ = {isa = PBXBuildFile; fileRef = 8F70B2481B198979007D97CA /* b6.mp3 */; };
		8F70B2A11B198979007D97CA /* b7.mp3 in Resources */ = {isa = PBXBuildFile; fileRef = 8F70B2491B198979007D97CA /* b7.mp3 */; };
		8F70B2A21B198979007D97CA /* c1.mp3 in Resources */ = {isa = PBXBuildFile; fileRef = 8F70B24A1B198979007D97CA /* c1.mp3 */; };
		8F70B2A31B198979007D97CA /* c1m.mp3 in Resources */ = {isa = PBXBuildFile; fileRef = 8F70B24B1B198979007D97CA /* c1m.mp3 */; };
		8F70B2A41B198979007D97CA /* c2.mp3 in Resources */ = {isa = PBXBuildFile; fileRef = 8F70B24C1B198979007D97CA /* c2.mp3 */; };
		8F70B2A51B198979007D97CA /* c2m.mp3 in Resources */ = {isa = PBXBuildFile; fileRef = 8F70B24D1B198979007D97CA /* c2m.mp3 */; };
		8F70B2A61B198979007D97CA /* c3.mp3 in Resources */ = {isa = PBXBuildFile; fileRef = 8F70B24E1B198979007D97CA /* c3.mp3 */; };
		8F70B2A71B198979007D97CA /* c3m.mp3 in Resources */ = {isa = PBXBuildFile; fileRef = 8F70B24F1B198979007D97CA /* c3m.mp3 */; };
		8F70B2A81B198979007D97CA /* c4.mp3 in Resources */ = {isa = PBXBuildFile; fileRef = 8F70B2501B198979007D97CA /* c4.mp3 */; };
		8F70B2A91B198979007D97CA /* c4m.mp3 in Resources */ = {isa = PBXBuildFile; fileRef = 8F70B2511B198979007D97CA /* c4m.mp3 */; };
		8F70B2AA1B198979007D97CA /* c5.mp3 in Resources */ = {isa = PBXBuildFile; fileRef = 8F70B2521B198979007D97CA /* c5.mp3 */; };
		8F70B2AB1B198979007D97CA /* c5m.mp3 in Resources */ = {isa = PBXBuildFile; fileRef = 8F70B2531B198979007D97CA /* c5m.mp3 */; };
		8F70B2AC1B198979007D97CA /* c6.mp3 in Resources */ = {isa = PBXBuildFile; fileRef = 8F70B2541B198979007D97CA /* c6.mp3 */; };
		8F70B2AD1B198979007D97CA /* c6m.mp3 in Resources */ = {isa = PBXBuildFile; fileRef = 8F70B2551B198979007D97CA /* c6m.mp3 */; };
		8F70B2AE1B198979007D97CA /* c7.mp3 in Resources */ = {isa = PBXBuildFile; fileRef = 8F70B2561B198979007D97CA /* c7.mp3 */; };
		8F70B2AF1B198979007D97CA /* c7m.mp3 in Resources */ = {isa = PBXBuildFile; fileRef = 8F70B2571B198979007D97CA /* c7m.mp3 */; };
		8F70B2B01B198979007D97CA /* c8.mp3 in Resources */ = {isa = PBXBuildFile; fileRef = 8F70B2581B198979007D97CA /* c8.mp3 */; };
		8F70B2B11B198979007D97CA /* d1.mp3 in Resources */ = {isa = PBXBuildFile; fileRef = 8F70B2591B198979007D97CA /* d1.mp3 */; };
		8F70B2B21B198979007D97CA /* d1m.mp3 in Resources */ = {isa = PBXBuildFile; fileRef = 8F70B25A1B198979007D97CA /* d1m.mp3 */; };
		8F70B2B31B198979007D97CA /* d2.mp3 in Resources */ = {isa = PBXBuildFile; fileRef = 8F70B25B1B198979007D97CA /* d2.mp3 */; };
		8F70B2B41B198979007D97CA /* d2m.mp3 in Resources */ = {isa = PBXBuildFile; fileRef = 8F70B25C1B198979007D97CA /* d2m.mp3 */; };
		8F70B2B51B198979007D97CA /* d3.mp3 in Resources */ = {isa = PBXBuildFile; fileRef = 8F70B25D1B198979007D97CA /* d3.mp3 */; };
		8F70B2B61B198979007D97CA /* d3m.mp3 in Resources */ = {isa = PBXBuildFile; fileRef = 8F70B25E1B198979007D97CA /* d3m.mp3 */; };
		8F70B2B71B198979007D97CA /* d4.mp3 in Resources */ = {isa = PBXBuildFile; fileRef = 8F70B25F1B198979007D97CA /* d4.mp3 */; };
		8F70B2B81B198979007D97CA /* d4m.mp3 in Resources */ = {isa = PBXBuildFile; fileRef = 8F70B2601B198979007D97CA /* d4m.mp3 */; };
		8F70B2B91B198979007D97CA /* d5.mp3 in Resources */ = {isa = PBXBuildFile; fileRef = 8F70B2611B198979007D97CA /* d5.mp3 */; };
		8F70B2BA1B198979007D97CA /* d5m.mp3 in Resources */ = {isa = PBXBuildFile; fileRef = 8F70B2621B198979007D97CA /* d5m.mp3 */; };
		8F70B2BB1B198979007D97CA /* d6.mp3 in Resources */ = {isa = PBXBuildFile; fileRef = 8F70B2631B198979007D97CA /* d6.mp3 */; };
		8F70B2BC1B198979007D97CA /* d6m.mp3 in Resources */ = {isa = PBXBuildFile; fileRef = 8F70B2641B198979007D97CA /* d6m.mp3 */; };
		8F70B2BD1B198979007D97CA /* d7.mp3 in Resources */ = {isa = PBXBuildFile; fileRef = 8F70B2651B198979007D97CA /* d7.mp3 */; };
		8F70B2BE1B198979007D97CA /* d7m.mp3 in Resources */ = {isa = PBXBuildFile; fileRef = 8F70B2661B198979007D97CA /* d7m.mp3 */; };
		8F70B2BF1B198979007D97CA /* e1.mp3 in Resources */ = {isa = PBXBuildFile; fileRef = 8F70B2671B198979007D97CA /* e1.mp3 */; };
		8F70B2C01B198979007D97CA /* e2.mp3 in Resources */ = {isa = PBXBuildFile; fileRef = 8F70B2681B198979007D97CA /* e2.mp3 */; };
		8F70B2C11B198979007D97CA /* e3.mp3 in Resources */ = {isa = PBXBuildFile; fileRef = 8F70B2691B198979007D97CA /* e3.mp3 */; };
		8F70B2C21B198979007D97CA /* e4.mp3 in Resources */ = {isa = PBXBuildFile; fileRef = 8F70B26A1B198979007D97CA /* e4.mp3 */; };
		8F70B2C31B198979007D97CA /* e5.mp3 in Resources */ = {isa = PBXBuildFile; fileRef = 8F70B26B1B198979007D97CA /* e5.mp3 */; };
		8F70B2C41B198979007D97CA /* e6.mp3 in Resources */ = {isa = PBXBuildFile; fileRef = 8F70B26C1B198979007D97CA /* e6.mp3 */; };
		8F70B2C51B198979007D97CA /* e7.mp3 in Resources */ = {isa = PBXBuildFile; fileRef = 8F70B26D1B198979007D97CA /* e7.mp3 */; };
		8F70B2C61B198979007D97CA /* f1.mp3 in Resources */ = {isa = PBXBuildFile; fileRef = 8F70B26E1B198979007D97CA /* f1.mp3 */; };
		8F70B2C71B198979007D97CA /* f1m.mp3 in Resources */ = {isa = PBXBuildFile; fileRef = 8F70B26F1B198979007D97CA /* f1m.mp3 */; };
		8F70B2C81B198979007D97CA /* f2.mp3 in Resources */ = {isa = PBXBuildFile; fileRef = 8F70B2701B198979007D97CA /* f2.mp3 */; };
		8F70B2C91B198979007D97CA /* f2m.mp3 in Resources */ = {isa = PBXBuildFile; fileRef = 8F70B2711B198979007D97CA /* f2m.mp3 */; };
		8F70B2CA1B198979007D97CA /* f3.mp3 in Resources */ = {isa = PBXBuildFile; fileRef = 8F70B2721B198979007D97CA /* f3.mp3 */; };
		8F70B2CB1B198979007D97CA /* f3m.mp3 in Resources */ = {isa = PBXBuildFile; fileRef = 8F70B2731B198979007D97CA /* f3m.mp3 */; };
		8F70B2CC1B198979007D97CA /* f4.mp3 in Resources */ = {isa = PBXBuildFile; fileRef = 8F70B2741B198979007D97CA /* f4.mp3 */; };
		8F70B2CD1B198979007D97CA /* f4m.mp3 in Resources */ = {isa = PBXBuildFile; fileRef = 8F70B2751B198979007D97CA /* f4m.mp3 */; };
		8F70B2CE1B198979007D97CA /* f5.mp3 in Resources */ = {isa = PBXBuildFile; fileRef = 8F70B2761B198979007D97CA /* f5.mp3 */; };
		8F70B2CF1B198979007D97CA /* f5m.mp3 in Resources */ = {isa = PBXBuildFile; fileRef = 8F70B2771B198979007D97CA /* f5m.mp3 */; };
		8F70B2D01B198979007D97CA /* f6.mp3 in Resources */ = {isa = PBXBuildFile; fileRef = 8F70B2781B198979007D97CA /* f6.mp3 */; };
		8F70B2D11B198979007D97CA /* f6m.mp3 in Resources */ = {isa = PBXBuildFile; fileRef = 8F70B2791B198979007D97CA /* f6m.mp3 */; };
		8F70B2D21B198979007D97CA /* f7.mp3 in Resources */ = {isa = PBXBuildFile; fileRef = 8F70B27A1B198979007D97CA /* f7.mp3 */; };
		8F70B2D41B198979007D97CA /* g1.mp3 in Resources */ = {isa = PBXBuildFile; fileRef = 8F70B27C1B198979007D97CA /* g1.mp3 */; };
		8F70B2D51B198979007D97CA /* g1m.mp3 in Resources */ = {isa = PBXBuildFile; fileRef = 8F70B27D1B198979007D97CA /* g1m.mp3 */; };
		8F70B2D61B198979007D97CA /* g2.mp3 in Resources */ = {isa = PBXBuildFile; fileRef = 8F70B27E1B198979007D97CA /* g2.mp3 */; };
		8F70B2D71B198979007D97CA /* g2m.mp3 in Resources */ = {isa = PBXBuildFile; fileRef = 8F70B27F1B198979007D97CA /* g2m.mp3 */; };
		8F70B2D81B198979007D97CA /* g3.mp3 in Resources */ = {isa = PBXBuildFile; fileRef = 8F70B2801B198979007D97CA /* g3.mp3 */; };
		8F70B2D91B198979007D97CA /* g3m.mp3 in Resources */ = {isa = PBXBuildFile; fileRef = 8F70B2811B198979007D97CA /* g3m.mp3 */; };
		8F70B2DA1B198979007D97CA /* g4.mp3 in Resources */ = {isa = PBXBuildFile; fileRef = 8F70B2821B198979007D97CA /* g4.mp3 */; };
		8F70B2DB1B198979007D97CA /* g4m.mp3 in Resources */ = {isa = PBXBuildFile; fileRef = 8F70B2831B198979007D97CA /* g4m.mp3 */; };
		8F70B2DC1B198979007D97CA /* g5.mp3 in Resources */ = {isa = PBXBuildFile; fileRef = 8F70B2841B198979007D97CA /* g5.mp3 */; };
		8F70B2DD1B198979007D97CA /* g5m.mp3 in Resources */ = {isa = PBXBuildFile; fileRef = 8F70B2851B198979007D97CA /* g5m.mp3 */; };
		8F70B2DE1B198979007D97CA /* g6.mp3 in Resources */ = {isa = PBXBuildFile; fileRef = 8F70B2861B198979007D97CA /* g6.mp3 */; };
		8F70B2DF1B198979007D97CA /* g6m.mp3 in Resources */ = {isa = PBXBuildFile; fileRef = 8F70B2871B198979007D97CA /* g6m.mp3 */; };
		8F70B2E01B198979007D97CA /* g7.mp3 in Resources */ = {isa = PBXBuildFile; fileRef = 8F70B2881B198979007D97CA /* g7.mp3 */; };
		8F70B2E11B198979007D97CA /* g7m.mp3 in Resources */ = {isa = PBXBuildFile; fileRef = 8F70B2891B198979007D97CA /* g7m.mp3 */; };
		8F70B2E71B19A843007D97CA /* blip1.mp3 in Resources */ = {isa = PBXBuildFile; fileRef = 8F70B2E21B19A843007D97CA /* blip1.mp3 */; };
		8F70B2E81B19A843007D97CA /* blip2.mp3 in Resources */ = {isa = PBXBuildFile; fileRef = 8F70B2E31B19A843007D97CA /* blip2.mp3 */; };
		8F70B2E91B19A843007D97CA /* crrect_answer1.mp3 in Resources */ = {isa = PBXBuildFile; fileRef = 8F70B2E41B19A843007D97CA /* crrect_answer1.mp3 */; };
		8F70B2EA1B19A843007D97CA /* crrect_answer2.mp3 in Resources */ = {isa = PBXBuildFile; fileRef = 8F70B2E51B19A843007D97CA /* crrect_answer2.mp3 */; };
		8F70B2EB1B19A843007D97CA /* crrect_answer3.mp3 in Resources */ = {isa = PBXBuildFile; fileRef = 8F70B2E61B19A843007D97CA /* crrect_answer3.mp3 */; };
		8F70B3251B19DB63007D97CA /* blackout_dulcimer1.mp3 in Resources */ = {isa = PBXBuildFile; fileRef = 8F70B3241B19DB63007D97CA /* blackout_dulcimer1.mp3 */; };
		8F70B3271B19DCC8007D97CA /* AVFoundation.framework in Frameworks */ = {isa = PBXBuildFile; fileRef = 8F70B3261B19DCC8007D97CA /* AVFoundation.framework */; };
		8F7284041BBCE8600043A171 /* Launch Screen.storyboard in Resources */ = {isa = PBXBuildFile; fileRef = 8F7284031BBCE8600043A171 /* Launch Screen.storyboard */; };
		8F72842B1BBD11AB0043A171 /* AdSupport.framework in Frameworks */ = {isa = PBXBuildFile; fileRef = 8F72842A1BBD11AB0043A171 /* AdSupport.framework */; };
		8F72842D1BBD11B60043A171 /* AudioToolbox.framework in Frameworks */ = {isa = PBXBuildFile; fileRef = 8F72842C1BBD11B60043A171 /* AudioToolbox.framework */; };
		8F72842F1BBD11C70043A171 /* CoreGraphics.framework in Frameworks */ = {isa = PBXBuildFile; fileRef = 8F72842E1BBD11C70043A171 /* CoreGraphics.framework */; };
		8F7284311BBD11CD0043A171 /* CoreMedia.framework in Frameworks */ = {isa = PBXBuildFile; fileRef = 8F7284301BBD11CD0043A171 /* CoreMedia.framework */; };
		8F7284331BBD11D50043A171 /* CoreTelephony.framework in Frameworks */ = {isa = PBXBuildFile; fileRef = 8F7284321BBD11D50043A171 /* CoreTelephony.framework */; };
		8F7284361BBD11DE0043A171 /* EventKit.framework in Frameworks */ = {isa = PBXBuildFile; fileRef = 8F7284341BBD11DE0043A171 /* EventKit.framework */; };
		8F7284371BBD11DE0043A171 /* EventKitUI.framework in Frameworks */ = {isa = PBXBuildFile; fileRef = 8F7284351BBD11DE0043A171 /* EventKitUI.framework */; };
		8F7284391BBD11E40043A171 /* MessageUI.framework in Frameworks */ = {isa = PBXBuildFile; fileRef = 8F7284381BBD11E40043A171 /* MessageUI.framework */; };
		8F72843D1BBD11F10043A171 /* SystemConfiguration.framework in Frameworks */ = {isa = PBXBuildFile; fileRef = 8F72843C1BBD11F10043A171 /* SystemConfiguration.framework */; };
		8FANIM001B0E0B7E0007A06F /* UIView+SpringAnimation.swift in Sources */ = {isa = PBXBuildFile; fileRef = 8FANIM000B0E0B7E0007A06F /* UIView+SpringAnimation.swift */; };
/* End PBXBuildFile section */

/* Begin PBXContainerItemProxy section */
		8F4E05391B0E0B7E0007A06F /* PBXContainerItemProxy */ = {
			isa = PBXContainerItemProxy;
			containerPortal = 8F4E051B1B0E0B7E0007A06F /* Project object */;
			proxyType = 1;
			remoteGlobalIDString = 8F4E05221B0E0B7E0007A06F;
			remoteInfo = iMS;
		};
/* End PBXContainerItemProxy section */

/* Begin PBXFileReference section */
		207C823F2FDD991DA31FCBB1 /* Pods-iMS.debug.xcconfig */ = {isa = PBXFileReference; includeInIndex = 1; lastKnownFileType = text.xcconfig; name = "Pods-iMS.debug.xcconfig"; path = "Target Support Files/Pods-iMS/Pods-iMS.debug.xcconfig"; sourceTree = "<group>"; };
		8F24D41B1B0F875D00F05394 /* clefList.plist */ = {isa = PBXFileReference; fileEncoding = 4; lastKnownFileType = text.plist.xml; path = clefList.plist; sourceTree = "<group>"; };
		8F3DC5371BBD3056000D1E99 /* Base */ = {isa = PBXFileReference; lastKnownFileType = text.plist.strings; name = Base; path = Base.lproj/InfoPlist.strings; sourceTree = "<group>"; };
		8F3DC5391BBD3063000D1E99 /* en */ = {isa = PBXFileReference; lastKnownFileType = text.plist.strings; name = en; path = en.lproj/InfoPlist.strings; sourceTree = "<group>"; };
		8F3DC53A1BBD306A000D1E99 /* zh-Hans */ = {isa = PBXFileReference; lastKnownFileType = text.plist.strings; name = "zh-Hans"; path = "zh-Hans.lproj/InfoPlist.strings"; sourceTree = "<group>"; };
		8F3DC53B1BBD3073000D1E99 /* zh-Hant */ = {isa = PBXFileReference; lastKnownFileType = text.plist.strings; name = "zh-Hant"; path = "zh-Hant.lproj/InfoPlist.strings"; sourceTree = "<group>"; };
		8F4E05231B0E0B7E0007A06F /* iMS.app */ = {isa = PBXFileReference; explicitFileType = wrapper.application; includeInIndex = 0; path = iMS.app; sourceTree = BUILT_PRODUCTS_DIR; };
		8F4E05281B0E0B7E0007A06F /* AppDelegate.swift */ = {isa = PBXFileReference; lastKnownFileType = sourcecode.swift; path = AppDelegate.swift; sourceTree = "<group>"; };
		8F4E052A1B0E0B7E0007A06F /* ViewController.swift */ = {isa = PBXFileReference; lastKnownFileType = sourcecode.swift; path = ViewController.swift; sourceTree = "<group>"; };
		8F4E052D1B0E0B7E0007A06F /* Base */ = {isa = PBXFileReference; lastKnownFileType = file.storyboard; name = Base; path = Base.lproj/Main.storyboard; sourceTree = "<group>"; };
		8F4E052F1B0E0B7E0007A06F /* Images.xcassets */ = {isa = PBXFileReference; lastKnownFileType = folder.assetcatalog; path = Images.xcassets; sourceTree = "<group>"; };
		8F4E05381B0E0B7E0007A06F /* iMSTests.xctest */ = {isa = PBXFileReference; explicitFileType = wrapper.cfbundle; includeInIndex = 0; path = iMSTests.xctest; sourceTree = BUILT_PRODUCTS_DIR; };
		8F4E053D1B0E0B7E0007A06F /* Info.plist */ = {isa = PBXFileReference; lastKnownFileType = text.plist.xml; path = Info.plist; sourceTree = "<group>"; };
		8F4E053E1B0E0B7E0007A06F /* iMSTests.swift */ = {isa = PBXFileReference; lastKnownFileType = sourcecode.swift; path = iMSTests.swift; sourceTree = "<group>"; };
		8F553DD01B1753B400E215F5 /* SuperViewController.swift */ = {isa = PBXFileReference; fileEncoding = 4; lastKnownFileType = sourcecode.swift; path = SuperViewController.swift; sourceTree = "<group>"; };
		8F665AC51B84CA4600B357C1 /* Launch Screen.xib */ = {isa = PBXFileReference; fileEncoding = 4; lastKnownFileType = file.xib; name = "Launch Screen.xib"; path = "../Launch Screen.xib"; sourceTree = "<group>"; };
		8F70B2321B198979007D97CA /* a0.mp3 */ = {isa = PBXFileReference; lastKnownFileType = audio.mp3; path = a0.mp3; sourceTree = "<group>"; };
		8F70B2331B198979007D97CA /* a0m.mp3 */ = {isa = PBXFileReference; lastKnownFileType = audio.mp3; path = a0m.mp3; sourceTree = "<group>"; };
		8F70B2341B198979007D97CA /* a1.mp3 */ = {isa = PBXFileReference; lastKnownFileType = audio.mp3; path = a1.mp3; sourceTree = "<group>"; };
		8F70B2351B198979007D97CA /* a1m.mp3 */ = {isa = PBXFileReference; lastKnownFileType = audio.mp3; path = a1m.mp3; sourceTree = "<group>"; };
		8F70B2361B198979007D97CA /* a2.mp3 */ = {isa = PBXFileReference; lastKnownFileType = audio.mp3; path = a2.mp3; sourceTree = "<group>"; };
		8F70B2371B198979007D97CA /* a2m.mp3 */ = {isa = PBXFileReference; lastKnownFileType = audio.mp3; path = a2m.mp3; sourceTree = "<group>"; };
		8F70B2381B198979007D97CA /* a3.mp3 */ = {isa = PBXFileReference; lastKnownFileType = audio.mp3; path = a3.mp3; sourceTree = "<group>"; };
		8F70B2391B198979007D97CA /* a3m.mp3 */ = {isa = PBXFileReference; lastKnownFileType = audio.mp3; path = a3m.mp3; sourceTree = "<group>"; };
		8F70B23A1B198979007D97CA /* a4.mp3 */ = {isa = PBXFileReference; lastKnownFileType = audio.mp3; path = a4.mp3; sourceTree = "<group>"; };
		8F70B23B1B198979007D97CA /* a4m.mp3 */ = {isa = PBXFileReference; lastKnownFileType = audio.mp3; path = a4m.mp3; sourceTree = "<group>"; };
		8F70B23C1B198979007D97CA /* a5.mp3 */ = {isa = PBXFileReference; lastKnownFileType = audio.mp3; path = a5.mp3; sourceTree = "<group>"; };
		8F70B23D1B198979007D97CA /* a5m.mp3 */ = {isa = PBXFileReference; lastKnownFileType = audio.mp3; path = a5m.mp3; sourceTree = "<group>"; };
		8F70B23E1B198979007D97CA /* a6.mp3 */ = {isa = PBXFileReference; lastKnownFileType = audio.mp3; path = a6.mp3; sourceTree = "<group>"; };
		8F70B23F1B198979007D97CA /* a6m.mp3 */ = {isa = PBXFileReference; lastKnownFileType = audio.mp3; path = a6m.mp3; sourceTree = "<group>"; };
		8F70B2401B198979007D97CA /* a7.mp3 */ = {isa = PBXFileReference; lastKnownFileType = audio.mp3; path = a7.mp3; sourceTree = "<group>"; };
		8F70B2411B198979007D97CA /* a7m.mp3 */ = {isa = PBXFileReference; lastKnownFileType = audio.mp3; path = a7m.mp3; sourceTree = "<group>"; };
		8F70B2421B198979007D97CA /* b0.mp3 */ = {isa = PBXFileReference; lastKnownFileType = audio.mp3; path = b0.mp3; sourceTree = "<group>"; };
		8F70B2431B198979007D97CA /* b1.mp3 */ = {isa = PBXFileReference; lastKnownFileType = audio.mp3; path = b1.mp3; sourceTree = "<group>"; };
		8F70B2441B198979007D97CA /* b2.mp3 */ = {isa = PBXFileReference; lastKnownFileType = audio.mp3; path = b2.mp3; sourceTree = "<group>"; };
		8F70B2451B198979007D97CA /* b3.mp3 */ = {isa = PBXFileReference; lastKnownFileType = audio.mp3; path = b3.mp3; sourceTree = "<group>"; };
		8F70B2461B198979007D97CA /* b4.mp3 */ = {isa = PBXFileReference; lastKnownFileType = audio.mp3; path = b4.mp3; sourceTree = "<group>"; };
		8F70B2471B198979007D97CA /* b5.mp3 */ = {isa = PBXFileReference; lastKnownFileType = audio.mp3; path = b5.mp3; sourceTree = "<group>"; };
		8F70B2481B198979007D97CA /* b6.mp3 */ = {isa = PBXFileReference; lastKnownFileType = audio.mp3; path = b6.mp3; sourceTree = "<group>"; };
		8F70B2491B198979007D97CA /* b7.mp3 */ = {isa = PBXFileReference; lastKnownFileType = audio.mp3; path = b7.mp3; sourceTree = "<group>"; };
		8F70B24A1B198979007D97CA /* c1.mp3 */ = {isa = PBXFileReference; lastKnownFileType = audio.mp3; path = c1.mp3; sourceTree = "<group>"; };
		8F70B24B1B198979007D97CA /* c1m.mp3 */ = {isa = PBXFileReference; lastKnownFileType = audio.mp3; path = c1m.mp3; sourceTree = "<group>"; };
		8F70B24C1B198979007D97CA /* c2.mp3 */ = {isa = PBXFileReference; lastKnownFileType = audio.mp3; path = c2.mp3; sourceTree = "<group>"; };
		8F70B24D1B198979007D97CA /* c2m.mp3 */ = {isa = PBXFileReference; lastKnownFileType = audio.mp3; path = c2m.mp3; sourceTree = "<group>"; };
		8F70B24E1B198979007D97CA /* c3.mp3 */ = {isa = PBXFileReference; lastKnownFileType = audio.mp3; path = c3.mp3; sourceTree = "<group>"; };
		8F70B24F1B198979007D97CA /* c3m.mp3 */ = {isa = PBXFileReference; lastKnownFileType = audio.mp3; path = c3m.mp3; sourceTree = "<group>"; };
		8F70B2501B198979007D97CA /* c4.mp3 */ = {isa = PBXFileReference; lastKnownFileType = audio.mp3; path = c4.mp3; sourceTree = "<group>"; };
		8F70B2511B198979007D97CA /* c4m.mp3 */ = {isa = PBXFileReference; lastKnownFileType = audio.mp3; path = c4m.mp3; sourceTree = "<group>"; };
		8F70B2521B198979007D97CA /* c5.mp3 */ = {isa = PBXFileReference; lastKnownFileType = audio.mp3; path = c5.mp3; sourceTree = "<group>"; };
		8F70B2531B198979007D97CA /* c5m.mp3 */ = {isa = PBXFileReference; lastKnownFileType = audio.mp3; path = c5m.mp3; sourceTree = "<group>"; };
		8F70B2541B198979007D97CA /* c6.mp3 */ = {isa = PBXFileReference; lastKnownFileType = audio.mp3; path = c6.mp3; sourceTree = "<group>"; };
		8F70B2551B198979007D97CA /* c6m.mp3 */ = {isa = PBXFileReference; lastKnownFileType = audio.mp3; path = c6m.mp3; sourceTree = "<group>"; };
		8F70B2561B198979007D97CA /* c7.mp3 */ = {isa = PBXFileReference; lastKnownFileType = audio.mp3; path = c7.mp3; sourceTree = "<group>"; };
		8F70B2571B198979007D97CA /* c7m.mp3 */ = {isa = PBXFileReference; lastKnownFileType = audio.mp3; path = c7m.mp3; sourceTree = "<group>"; };
		8F70B2581B198979007D97CA /* c8.mp3 */ = {isa = PBXFileReference; lastKnownFileType = audio.mp3; path = c8.mp3; sourceTree = "<group>"; };
		8F70B2591B198979007D97CA /* d1.mp3 */ = {isa = PBXFileReference; lastKnownFileType = audio.mp3; path = d1.mp3; sourceTree = "<group>"; };
		8F70B25A1B198979007D97CA /* d1m.mp3 */ = {isa = PBXFileReference; lastKnownFileType = audio.mp3; path = d1m.mp3; sourceTree = "<group>"; };
		8F70B25B1B198979007D97CA /* d2.mp3 */ = {isa = PBXFileReference; lastKnownFileType = audio.mp3; path = d2.mp3; sourceTree = "<group>"; };
		8F70B25C1B198979007D97CA /* d2m.mp3 */ = {isa = PBXFileReference; lastKnownFileType = audio.mp3; path = d2m.mp3; sourceTree = "<group>"; };
		8F70B25D1B198979007D97CA /* d3.mp3 */ = {isa = PBXFileReference; lastKnownFileType = audio.mp3; path = d3.mp3; sourceTree = "<group>"; };
		8F70B25E1B198979007D97CA /* d3m.mp3 */ = {isa = PBXFileReference; lastKnownFileType = audio.mp3; path = d3m.mp3; sourceTree = "<group>"; };
		8F70B25F1B198979007D97CA /* d4.mp3 */ = {isa = PBXFileReference; lastKnownFileType = audio.mp3; path = d4.mp3; sourceTree = "<group>"; };
		8F70B2601B198979007D97CA /* d4m.mp3 */ = {isa = PBXFileReference; lastKnownFileType = audio.mp3; path = d4m.mp3; sourceTree = "<group>"; };
		8F70B2611B198979007D97CA /* d5.mp3 */ = {isa = PBXFileReference; lastKnownFileType = audio.mp3; path = d5.mp3; sourceTree = "<group>"; };
		8F70B2621B198979007D97CA /* d5m.mp3 */ = {isa = PBXFileReference; lastKnownFileType = audio.mp3; path = d5m.mp3; sourceTree = "<group>"; };
		8F70B2631B198979007D97CA /* d6.mp3 */ = {isa = PBXFileReference; lastKnownFileType = audio.mp3; path = d6.mp3; sourceTree = "<group>"; };
		8F70B2641B198979007D97CA /* d6m.mp3 */ = {isa = PBXFileReference; lastKnownFileType = audio.mp3; path = d6m.mp3; sourceTree = "<group>"; };
		8F70B2651B198979007D97CA /* d7.mp3 */ = {isa = PBXFileReference; lastKnownFileType = audio.mp3; path = d7.mp3; sourceTree = "<group>"; };
		8F70B2661B198979007D97CA /* d7m.mp3 */ = {isa = PBXFileReference; lastKnownFileType = audio.mp3; path = d7m.mp3; sourceTree = "<group>"; };
		8F70B2671B198979007D97CA /* e1.mp3 */ = {isa = PBXFileReference; lastKnownFileType = audio.mp3; path = e1.mp3; sourceTree = "<group>"; };
		8F70B2681B198979007D97CA /* e2.mp3 */ = {isa = PBXFileReference; lastKnownFileType = audio.mp3; path = e2.mp3; sourceTree = "<group>"; };
		8F70B2691B198979007D97CA /* e3.mp3 */ = {isa = PBXFileReference; lastKnownFileType = audio.mp3; path = e3.mp3; sourceTree = "<group>"; };
		8F70B26A1B198979007D97CA /* e4.mp3 */ = {isa = PBXFileReference; lastKnownFileType = audio.mp3; path = e4.mp3; sourceTree = "<group>"; };
		8F70B26B1B198979007D97CA /* e5.mp3 */ = {isa = PBXFileReference; lastKnownFileType = audio.mp3; path = e5.mp3; sourceTree = "<group>"; };
		8F70B26C1B198979007D97CA /* e6.mp3 */ = {isa = PBXFileReference; lastKnownFileType = audio.mp3; path = e6.mp3; sourceTree = "<group>"; };
		8F70B26D1B198979007D97CA /* e7.mp3 */ = {isa = PBXFileReference; lastKnownFileType = audio.mp3; path = e7.mp3; sourceTree = "<group>"; };
		8F70B26E1B198979007D97CA /* f1.mp3 */ = {isa = PBXFileReference; lastKnownFileType = audio.mp3; path = f1.mp3; sourceTree = "<group>"; };
		8F70B26F1B198979007D97CA /* f1m.mp3 */ = {isa = PBXFileReference; lastKnownFileType = audio.mp3; path = f1m.mp3; sourceTree = "<group>"; };
		8F70B2701B198979007D97CA /* f2.mp3 */ = {isa = PBXFileReference; lastKnownFileType = audio.mp3; path = f2.mp3; sourceTree = "<group>"; };
		8F70B2711B198979007D97CA /* f2m.mp3 */ = {isa = PBXFileReference; lastKnownFileType = audio.mp3; path = f2m.mp3; sourceTree = "<group>"; };
		8F70B2721B198979007D97CA /* f3.mp3 */ = {isa = PBXFileReference; lastKnownFileType = audio.mp3; path = f3.mp3; sourceTree = "<group>"; };
		8F70B2731B198979007D97CA /* f3m.mp3 */ = {isa = PBXFileReference; lastKnownFileType = audio.mp3; path = f3m.mp3; sourceTree = "<group>"; };
		8F70B2741B198979007D97CA /* f4.mp3 */ = {isa = PBXFileReference; lastKnownFileType = audio.mp3; path = f4.mp3; sourceTree = "<group>"; };
		8F70B2751B198979007D97CA /* f4m.mp3 */ = {isa = PBXFileReference; lastKnownFileType = audio.mp3; path = f4m.mp3; sourceTree = "<group>"; };
		8F70B2761B198979007D97CA /* f5.mp3 */ = {isa = PBXFileReference; lastKnownFileType = audio.mp3; path = f5.mp3; sourceTree = "<group>"; };
		8F70B2771B198979007D97CA /* f5m.mp3 */ = {isa = PBXFileReference; lastKnownFileType = audio.mp3; path = f5m.mp3; sourceTree = "<group>"; };
		8F70B2781B198979007D97CA /* f6.mp3 */ = {isa = PBXFileReference; lastKnownFileType = audio.mp3; path = f6.mp3; sourceTree = "<group>"; };
		8F70B2791B198979007D97CA /* f6m.mp3 */ = {isa = PBXFileReference; lastKnownFileType = audio.mp3; path = f6m.mp3; sourceTree = "<group>"; };
		8F70B27A1B198979007D97CA /* f7.mp3 */ = {isa = PBXFileReference; lastKnownFileType = audio.mp3; path = f7.mp3; sourceTree = "<group>"; };
		8F70B27B1B198979007D97CA /* f7m.mp3 */ = {isa = PBXFileReference; lastKnownFileType = audio.mp3; path = f7m.mp3; sourceTree = "<group>"; };
		8F70B27C1B198979007D97CA /* g1.mp3 */ = {isa = PBXFileReference; lastKnownFileType = audio.mp3; path = g1.mp3; sourceTree = "<group>"; };
		8F70B27D1B198979007D97CA /* g1m.mp3 */ = {isa = PBXFileReference; lastKnownFileType = audio.mp3; path = g1m.mp3; sourceTree = "<group>"; };
		8F70B27E1B198979007D97CA /* g2.mp3 */ = {isa = PBXFileReference; lastKnownFileType = audio.mp3; path = g2.mp3; sourceTree = "<group>"; };
		8F70B27F1B198979007D97CA /* g2m.mp3 */ = {isa = PBXFileReference; lastKnownFileType = audio.mp3; path = g2m.mp3; sourceTree = "<group>"; };
		8F70B2801B198979007D97CA /* g3.mp3 */ = {isa = PBXFileReference; lastKnownFileType = audio.mp3; path = g3.mp3; sourceTree = "<group>"; };
		8F70B2811B198979007D97CA /* g3m.mp3 */ = {isa = PBXFileReference; lastKnownFileType = audio.mp3; path = g3m.mp3; sourceTree = "<group>"; };
		8F70B2821B198979007D97CA /* g4.mp3 */ = {isa = PBXFileReference; lastKnownFileType = audio.mp3; path = g4.mp3; sourceTree = "<group>"; };
		8F70B2831B198979007D97CA /* g4m.mp3 */ = {isa = PBXFileReference; lastKnownFileType = audio.mp3; path = g4m.mp3; sourceTree = "<group>"; };
		8F70B2841B198979007D97CA /* g5.mp3 */ = {isa = PBXFileReference; lastKnownFileType = audio.mp3; path = g5.mp3; sourceTree = "<group>"; };
		8F70B2851B198979007D97CA /* g5m.mp3 */ = {isa = PBXFileReference; lastKnownFileType = audio.mp3; path = g5m.mp3; sourceTree = "<group>"; };
		8F70B2861B198979007D97CA /* g6.mp3 */ = {isa = PBXFileReference; lastKnownFileType = audio.mp3; path = g6.mp3; sourceTree = "<group>"; };
		8F70B2871B198979007D97CA /* g6m.mp3 */ = {isa = PBXFileReference; lastKnownFileType = audio.mp3; path = g6m.mp3; sourceTree = "<group>"; };
		8F70B2881B198979007D97CA /* g7.mp3 */ = {isa = PBXFileReference; lastKnownFileType = audio.mp3; path = g7.mp3; sourceTree = "<group>"; };
		8F70B2891B198979007D97CA /* g7m.mp3 */ = {isa = PBXFileReference; lastKnownFileType = audio.mp3; path = g7m.mp3; sourceTree = "<group>"; };
		8F70B2E21B19A843007D97CA /* blip1.mp3 */ = {isa = PBXFileReference; lastKnownFileType = audio.mp3; path = blip1.mp3; sourceTree = "<group>"; };
		8F70B2E31B19A843007D97CA /* blip2.mp3 */ = {isa = PBXFileReference; lastKnownFileType = audio.mp3; path = blip2.mp3; sourceTree = "<group>"; };
		8F70B2E41B19A843007D97CA /* crrect_answer1.mp3 */ = {isa = PBXFileReference; lastKnownFileType = audio.mp3; path = crrect_answer1.mp3; sourceTree = "<group>"; };
		8F70B2E51B19A843007D97CA /* crrect_answer2.mp3 */ = {isa = PBXFileReference; lastKnownFileType = audio.mp3; path = crrect_answer2.mp3; sourceTree = "<group>"; };
		8F70B2E61B19A843007D97CA /* crrect_answer3.mp3 */ = {isa = PBXFileReference; lastKnownFileType = audio.mp3; path = crrect_answer3.mp3; sourceTree = "<group>"; };
		8F70B2F11B19BBF1007D97CA /* iMS-Bridging-Header.h */ = {isa = PBXFileReference; lastKnownFileType = sourcecode.c.h; path = "iMS-Bridging-Header.h"; sourceTree = "<group>"; };
		8F70B3241B19DB63007D97CA /* blackout_dulcimer1.mp3 */ = {isa = PBXFileReference; lastKnownFileType = audio.mp3; path = blackout_dulcimer1.mp3; sourceTree = "<group>"; };
		8F70B3261B19DCC8007D97CA /* AVFoundation.framework */ = {isa = PBXFileReference; lastKnownFileType = wrapper.framework; name = AVFoundation.framework; path = System/Library/Frameworks/AVFoundation.framework; sourceTree = SDKROOT; };
		8F7284031BBCE8600043A171 /* Launch Screen.storyboard */ = {isa = PBXFileReference; fileEncoding = 4; lastKnownFileType = file.storyboard; path = "Launch Screen.storyboard"; sourceTree = "<group>"; };
		8F72842A1BBD11AB0043A171 /* AdSupport.framework */ = {isa = PBXFileReference; lastKnownFileType = wrapper.framework; name = AdSupport.framework; path = System/Library/Frameworks/AdSupport.framework; sourceTree = SDKROOT; };
		8F72842C1BBD11B60043A171 /* AudioToolbox.framework */ = {isa = PBXFileReference; lastKnownFileType = wrapper.framework; name = AudioToolbox.framework; path = System/Library/Frameworks/AudioToolbox.framework; sourceTree = SDKROOT; };
		8F72842E1BBD11C70043A171 /* CoreGraphics.framework */ = {isa = PBXFileReference; lastKnownFileType = wrapper.framework; name = CoreGraphics.framework; path = System/Library/Frameworks/CoreGraphics.framework; sourceTree = SDKROOT; };
		8F7284301BBD11CD0043A171 /* CoreMedia.framework */ = {isa = PBXFileReference; lastKnownFileType = wrapper.framework; name = CoreMedia.framework; path = System/Library/Frameworks/CoreMedia.framework; sourceTree = SDKROOT; };
		8F7284321BBD11D50043A171 /* CoreTelephony.framework */ = {isa = PBXFileReference; lastKnownFileType = wrapper.framework; name = CoreTelephony.framework; path = System/Library/Frameworks/CoreTelephony.framework; sourceTree = SDKROOT; };
		8F7284341BBD11DE0043A171 /* EventKit.framework */ = {isa = PBXFileReference; lastKnownFileType = wrapper.framework; name = EventKit.framework; path = System/Library/Frameworks/EventKit.framework; sourceTree = SDKROOT; };
		8F7284351BBD11DE0043A171 /* EventKitUI.framework */ = {isa = PBXFileReference; lastKnownFileType = wrapper.framework; name = EventKitUI.framework; path = System/Library/Frameworks/EventKitUI.framework; sourceTree = SDKROOT; };
		8F7284381BBD11E40043A171 /* MessageUI.framework */ = {isa = PBXFileReference; lastKnownFileType = wrapper.framework; name = MessageUI.framework; path = System/Library/Frameworks/MessageUI.framework; sourceTree = SDKROOT; };
		8F72843C1BBD11F10043A171 /* SystemConfiguration.framework */ = {isa = PBXFileReference; lastKnownFileType = wrapper.framework; name = SystemConfiguration.framework; path = System/Library/Frameworks/SystemConfiguration.framework; sourceTree = SDKROOT; };
		8F8A307E1BBE0EF60049B31A /* Info.plist */ = {isa = PBXFileReference; fileEncoding = 4; lastKnownFileType = text.plist.xml; path = Info.plist; sourceTree = "<group>"; };
		8FANIM000B0E0B7E0007A06F /* UIView+SpringAnimation.swift */ = {isa = PBXFileReference; lastKnownFileType = sourcecode.swift; path = "UIView+SpringAnimation.swift"; sourceTree = "<group>"; };
		963490EC6FB8DE6C7801BB4E /* Pods-iMS.release.xcconfig */ = {isa = PBXFileReference; includeInIndex = 1; lastKnownFileType = text.xcconfig; name = "Pods-iMS.release.xcconfig"; path = "Target Support Files/Pods-iMS/Pods-iMS.release.xcconfig"; sourceTree = "<group>"; };
		B479FD3F7305D78E38D040C8 /* Pods_iMS.framework */ = {isa = PBXFileReference; explicitFileType = wrapper.framework; includeInIndex = 0; path = Pods_iMS.framework; sourceTree = BUILT_PRODUCTS_DIR; };
/* End PBXFileReference section */

/* Begin PBXFrameworksBuildPhase section */
		8F4E05201B0E0B7E0007A06F /* Frameworks */ = {
			isa = PBXFrameworksBuildPhase;
			buildActionMask = 2147483647;
			files = (
				8F72843D1BBD11F10043A171 /* SystemConfiguration.framework in Frameworks */,
				8F7284391BBD11E40043A171 /* MessageUI.framework in Frameworks */,
				8F7284361BBD11DE0043A171 /* EventKit.framework in Frameworks */,
				8F7284371BBD11DE0043A171 /* EventKitUI.framework in Frameworks */,
				8F7284331BBD11D50043A171 /* CoreTelephony.framework in Frameworks */,
				8F7284311BBD11CD0043A171 /* CoreMedia.framework in Frameworks */,
				8F72842F1BBD11C70043A171 /* CoreGraphics.framework in Frameworks */,
				8F70B3271B19DCC8007D97CA /* AVFoundation.framework in Frameworks */,
				8F72842D1BBD11B60043A171 /* AudioToolbox.framework in Frameworks */,
				8F72842B1BBD11AB0043A171 /* AdSupport.framework in Frameworks */,
				31D09C83B6E92FA9BC398A35 /* Pods_iMS.framework in Frameworks */,
			);
			runOnlyForDeploymentPostprocessing = 0;
		};
		8F4E05351B0E0B7E0007A06F /* Frameworks */ = {
			isa = PBXFrameworksBuildPhase;
			buildActionMask = 2147483647;
			files = (
			);
			runOnlyForDeploymentPostprocessing = 0;
		};
/* End PBXFrameworksBuildPhase section */

/* Begin PBXGroup section */
		26BAB2607919DF06B72713E8 /* Frameworks */ = {
			isa = PBXGroup;
			children = (
				8F72843C1BBD11F10043A171 /* SystemConfiguration.framework */,
				8F7284381BBD11E40043A171 /* MessageUI.framework */,
				8F7284341BBD11DE0043A171 /* EventKit.framework */,
				8F7284351BBD11DE0043A171 /* EventKitUI.framework */,
				8F7284321BBD11D50043A171 /* CoreTelephony.framework */,
				8F7284301BBD11CD0043A171 /* CoreMedia.framework */,
				8F72842E1BBD11C70043A171 /* CoreGraphics.framework */,
				8F72842C1BBD11B60043A171 /* AudioToolbox.framework */,
				8F72842A1BBD11AB0043A171 /* AdSupport.framework */,
				8F70B3261B19DCC8007D97CA /* AVFoundation.framework */,
				B479FD3F7305D78E38D040C8 /* Pods_iMS.framework */,
			);
			name = Frameworks;
			sourceTree = "<group>";
		};
		8F4E051A1B0E0B7E0007A06F = {
			isa = PBXGroup;
			children = (
				8F4E05251B0E0B7E0007A06F /* iMS */,
				8F4E053B1B0E0B7E0007A06F /* iMSTests */,
				8F4E05241B0E0B7E0007A06F /* Products */,
				26BAB2607919DF06B72713E8 /* Frameworks */,
				AC69AD2BCA069D89FE477D22 /* Pods */,
			);
			sourceTree = "<group>";
		};
		8F4E05241B0E0B7E0007A06F /* Products */ = {
			isa = PBXGroup;
			children = (
				8F4E05231B0E0B7E0007A06F /* iMS.app */,
				8F4E05381B0E0B7E0007A06F /* iMSTests.xctest */,
			);
			name = Products;
			sourceTree = "<group>";
		};
		8F4E05251B0E0B7E0007A06F /* iMS */ = {
			isa = PBXGroup;
			children = (
				8F70B3241B19DB63007D97CA /* blackout_dulcimer1.mp3 */,
				8F70B2E21B19A843007D97CA /* blip1.mp3 */,
				8F70B2E31B19A843007D97CA /* blip2.mp3 */,
				8F70B2E41B19A843007D97CA /* crrect_answer1.mp3 */,
				8F70B2E51B19A843007D97CA /* crrect_answer2.mp3 */,
				8F70B2E61B19A843007D97CA /* crrect_answer3.mp3 */,
				8F70B2311B198979007D97CA /* noteAudio */,
				8F24D41B1B0F875D00F05394 /* clefList.plist */,
				8F4E05281B0E0B7E0007A06F /* AppDelegate.swift */,
				8F553DD01B1753B400E215F5 /* SuperViewController.swift */,
				8F4E052A1B0E0B7E0007A06F /* ViewController.swift */,
				8FANIM000B0E0B7E0007A06F /* UIView+SpringAnimation.swift */,
				8F4E052C1B0E0B7E0007A06F /* Main.storyboard */,
				8F4E052F1B0E0B7E0007A06F /* Images.xcassets */,
				8F4E05261B0E0B7E0007A06F /* Supporting Files */,
				8F70B2F11B19BBF1007D97CA /* iMS-Bridging-Header.h */,
				8F7284031BBCE8600043A171 /* Launch Screen.storyboard */,
			);
			path = iMS;
			sourceTree = "<group>";
		};
		8F4E05261B0E0B7E0007A06F /* Supporting Files */ = {
			isa = PBXGroup;
			children = (
				8F8A307E1BBE0EF60049B31A /* Info.plist */,
				8F3DC5381BBD3056000D1E99 /* InfoPlist.strings */,
			);
			name = "Supporting Files";
			sourceTree = "<group>";
		};
		8F4E053B1B0E0B7E0007A06F /* iMSTests */ = {
			isa = PBXGroup;
			children = (
				8F4E053E1B0E0B7E0007A06F /* iMSTests.swift */,
				8F4E053C1B0E0B7E0007A06F /* Supporting Files */,
			);
			path = iMSTests;
			sourceTree = "<group>";
		};
		8F4E053C1B0E0B7E0007A06F /* Supporting Files */ = {
			isa = PBXGroup;
			children = (
				8F665AC51B84CA4600B357C1 /* Launch Screen.xib */,
				8F4E053D1B0E0B7E0007A06F /* Info.plist */,
			);
			name = "Supporting Files";
			sourceTree = "<group>";
		};
		8F70B2311B198979007D97CA /* noteAudio */ = {
			isa = PBXGroup;
			children = (
				8F70B2321B198979007D97CA /* a0.mp3 */,
				8F70B2331B198979007D97CA /* a0m.mp3 */,
				8F70B2341B198979007D97CA /* a1.mp3 */,
				8F70B2351B198979007D97CA /* a1m.mp3 */,
				8F70B2361B198979007D97CA /* a2.mp3 */,
				8F70B2371B198979007D97CA /* a2m.mp3 */,
				8F70B2381B198979007D97CA /* a3.mp3 */,
				8F70B2391B198979007D97CA /* a3m.mp3 */,
				8F70B23A1B198979007D97CA /* a4.mp3 */,
				8F70B23B1B198979007D97CA /* a4m.mp3 */,
				8F70B23C1B198979007D97CA /* a5.mp3 */,
				8F70B23D1B198979007D97CA /* a5m.mp3 */,
				8F70B23E1B198979007D97CA /* a6.mp3 */,
				8F70B23F1B198979007D97CA /* a6m.mp3 */,
				8F70B2401B198979007D97CA /* a7.mp3 */,
				8F70B2411B198979007D97CA /* a7m.mp3 */,
				8F70B2421B198979007D97CA /* b0.mp3 */,
				8F70B2431B198979007D97CA /* b1.mp3 */,
				8F70B2441B198979007D97CA /* b2.mp3 */,
				8F70B2451B198979007D97CA /* b3.mp3 */,
				8F70B2461B198979007D97CA /* b4.mp3 */,
				8F70B2471B198979007D97CA /* b5.mp3 */,
				8F70B2481B198979007D97CA /* b6.mp3 */,
				8F70B2491B198979007D97CA /* b7.mp3 */,
				8F70B24A1B198979007D97CA /* c1.mp3 */,
				8F70B24B1B198979007D97CA /* c1m.mp3 */,
				8F70B24C1B198979007D97CA /* c2.mp3 */,
				8F70B24D1B198979007D97CA /* c2m.mp3 */,
				8F70B24E1B198979007D97CA /* c3.mp3 */,
				8F70B24F1B198979007D97CA /* c3m.mp3 */,
				8F70B2501B198979007D97CA /* c4.mp3 */,
				8F70B2511B198979007D97CA /* c4m.mp3 */,
				8F70B2521B198979007D97CA /* c5.mp3 */,
				8F70B2531B198979007D97CA /* c5m.mp3 */,
				8F70B2541B198979007D97CA /* c6.mp3 */,
				8F70B2551B198979007D97CA /* c6m.mp3 */,
				8F70B2561B198979007D97CA /* c7.mp3 */,
				8F70B2571B198979007D97CA /* c7m.mp3 */,
				8F70B2581B198979007D97CA /* c8.mp3 */,
				8F70B2591B198979007D97CA /* d1.mp3 */,
				8F70B25A1B198979007D97CA /* d1m.mp3 */,
				8F70B25B1B198979007D97CA /* d2.mp3 */,
				8F70B25C1B198979007D97CA /* d2m.mp3 */,
				8F70B25D1B198979007D97CA /* d3.mp3 */,
				8F70B25E1B198979007D97CA /* d3m.mp3 */,
				8F70B25F1B198979007D97CA /* d4.mp3 */,
				8F70B2601B198979007D97CA /* d4m.mp3 */,
				8F70B2611B198979007D97CA /* d5.mp3 */,
				8F70B2621B198979007D97CA /* d5m.mp3 */,
				8F70B2631B198979007D97CA /* d6.mp3 */,
				8F70B2641B198979007D97CA /* d6m.mp3 */,
				8F70B2651B198979007D97CA /* d7.mp3 */,
				8F70B2661B198979007D97CA /* d7m.mp3 */,
				8F70B2671B198979007D97CA /* e1.mp3 */,
				8F70B2681B198979007D97CA /* e2.mp3 */,
				8F70B2691B198979007D97CA /* e3.mp3 */,
				8F70B26A1B198979007D97CA /* e4.mp3 */,
				8F70B26B1B198979007D97CA /* e5.mp3 */,
				8F70B26C1B198979007D97CA /* e6.mp3 */,
				8F70B26D1B198979007D97CA /* e7.mp3 */,
				8F70B26E1B198979007D97CA /* f1.mp3 */,
				8F70B26F1B198979007D97CA /* f1m.mp3 */,
				8F70B2701B198979007D97CA /* f2.mp3 */,
				8F70B2711B198979007D97CA /* f2m.mp3 */,
				8F70B2721B198979007D97CA /* f3.mp3 */,
				8F70B2731B198979007D97CA /* f3m.mp3 */,
				8F70B2741B198979007D97CA /* f4.mp3 */,
				8F70B2751B198979007D97CA /* f4m.mp3 */,
				8F70B2761B198979007D97CA /* f5.mp3 */,
				8F70B2771B198979007D97CA /* f5m.mp3 */,
				8F70B2781B198979007D97CA /* f6.mp3 */,
				8F70B2791B198979007D97CA /* f6m.mp3 */,
				8F70B27A1B198979007D97CA /* f7.mp3 */,
				8F70B27B1B198979007D97CA /* f7m.mp3 */,
				8F70B27C1B198979007D97CA /* g1.mp3 */,
				8F70B27D1B198979007D97CA /* g1m.mp3 */,
				8F70B27E1B198979007D97CA /* g2.mp3 */,
				8F70B27F1B198979007D97CA /* g2m.mp3 */,
				8F70B2801B198979007D97CA /* g3.mp3 */,
				8F70B2811B198979007D97CA /* g3m.mp3 */,
				8F70B2821B198979007D97CA /* g4.mp3 */,
				8F70B2831B198979007D97CA /* g4m.mp3 */,
				8F70B2841B198979007D97CA /* g5.mp3 */,
				8F70B2851B198979007D97CA /* g5m.mp3 */,
				8F70B2861B198979007D97CA /* g6.mp3 */,
				8F70B2871B198979007D97CA /* g6m.mp3 */,
				8F70B2881B198979007D97CA /* g7.mp3 */,
				8F70B2891B198979007D97CA /* g7m.mp3 */,
			);
			name = noteAudio;
			path = media.io.1195941232;
			sourceTree = "<group>";
		};
		AC69AD2BCA069D89FE477D22 /* Pods */ = {
			isa = PBXGroup;
			children = (
				207C823F2FDD991DA31FCBB1 /* Pods-iMS.debug.xcconfig */,
				963490EC6FB8DE6C7801BB4E /* Pods-iMS.release.xcconfig */,
			);
			path = Pods;
			sourceTree = "<group>";
		};
/* End PBXGroup section */

/* Begin PBXNativeTarget section */
		8F4E05221B0E0B7E0007A06F /* iMS */ = {
			isa = PBXNativeTarget;
			buildConfigurationList = 8F4E05421B0E0B7E0007A06F /* Build configuration list for PBXNativeTarget "iMS" */;
			buildPhases = (
				832D6548F4580803CDAED33C /* [CP] Check Pods Manifest.lock */,
				8F4E051F1B0E0B7E0007A06F /* Sources */,
				8F4E05201B0E0B7E0007A06F /* Frameworks */,
				8F4E05211B0E0B7E0007A06F /* Resources */,
				7800356EC0D3AD6B82F9EE09 /* [CP] Copy Pods Resources */,
			);
			buildRules = (
			);
			dependencies = (
			);
			name = iMS;
			productName = iMS;
			productReference = 8F4E05231B0E0B7E0007A06F /* iMS.app */;
			productType = "com.apple.product-type.application";
		};
		8F4E05371B0E0B7E0007A06F /* iMSTests */ = {
			isa = PBXNativeTarget;
			buildConfigurationList = 8F4E05451B0E0B7E0007A06F /* Build configuration list for PBXNativeTarget "iMSTests" */;
			buildPhases = (
				8F4E05341B0E0B7E0007A06F /* Sources */,
				8F4E05351B0E0B7E0007A06F /* Frameworks */,
				8F4E05361B0E0B7E0007A06F /* Resources */,
			);
			buildRules = (
			);
			dependencies = (
				8F4E053A1B0E0B7E0007A06F /* PBXTargetDependency */,
			);
			name = iMSTests;
			productName = iMSTests;
			productReference = 8F4E05381B0E0B7E0007A06F /* iMSTests.xctest */;
			productType = "com.apple.product-type.bundle.unit-test";
		};
/* End PBXNativeTarget section */

/* Begin PBXProject section */
		8F4E051B1B0E0B7E0007A06F /* Project object */ = {
			isa = PBXProject;
			attributes = {
				BuildIndependentTargetsInParallel = YES;
				LastSwiftMigration = 0700;
				LastSwiftUpdateCheck = 0700;
				LastUpgradeCheck = 2600;
				ORGANIZATIONNAME = AirconTW;
				TargetAttributes = {
					8F4E05221B0E0B7E0007A06F = {
						CreatedOnToolsVersion = 6.3.2;
						SystemCapabilities = {
							com.apple.InAppPurchase = {
								enabled = 0;
							};
						};
					};
					8F4E05371B0E0B7E0007A06F = {
						CreatedOnToolsVersion = 6.3.2;
						TestTargetID = 8F4E05221B0E0B7E0007A06F;
					};
				};
			};
			buildConfigurationList = 8F4E051E1B0E0B7E0007A06F /* Build configuration list for PBXProject "iMS" */;
			compatibilityVersion = "Xcode 6.3";
			developmentRegion = en;
			hasScannedForEncodings = 0;
			knownRegions = (
				Base,
				en,
				"zh-Hans",
				"zh-Hant",
			);
			mainGroup = 8F4E051A1B0E0B7E0007A06F;
			productRefGroup = 8F4E05241B0E0B7E0007A06F /* Products */;
			projectDirPath = "";
			projectRoot = "";
			targets = (
				8F4E05221B0E0B7E0007A06F /* iMS */,
				8F4E05371B0E0B7E0007A06F /* iMSTests */,
			);
		};
/* End PBXProject section */

/* Begin PBXResourcesBuildPhase section */
		8F4E05211B0E0B7E0007A06F /* Resources */ = {
			isa = PBXResourcesBuildPhase;
			buildActionMask = 2147483647;
			files = (
				8F3DC5361BBD3056000D1E99 /* InfoPlist.strings in Resources */,
				8F70B2CD1B198979007D97CA /* f4m.mp3 in Resources */,
				8F70B2DE1B198979007D97CA /* g6.mp3 in Resources */,
				8F70B2B31B198979007D97CA /* d2.mp3 in Resources */,
				8F70B2E71B19A843007D97CA /* blip1.mp3 in Resources */,
				8F70B2CA1B198979007D97CA /* f3.mp3 in Resources */,
				8F70B2A01B198979007D97CA /* b6.mp3 in Resources */,
				8F70B2901B198979007D97CA /* a3.mp3 in Resources */,
				8F70B29D1B198979007D97CA /* b3.mp3 in Resources */,
				8F70B2A81B198979007D97CA /* c4.mp3 in Resources */,
				8F70B2C21B198979007D97CA /* e4.mp3 in Resources */,
				8F70B29E1B198979007D97CA /* b4.mp3 in Resources */,
				8F70B2A31B198979007D97CA /* c1m.mp3 in Resources */,
				8F70B2D51B198979007D97CA /* g1m.mp3 in Resources */,
				8F70B2A41B198979007D97CA /* c2.mp3 in Resources */,
				8F70B2CC1B198979007D97CA /* f4.mp3 in Resources */,
				8F70B2921B198979007D97CA /* a4.mp3 in Resources */,
				8F70B2CF1B198979007D97CA /* f5m.mp3 in Resources */,
				8F70B2B61B198979007D97CA /* d3m.mp3 in Resources */,
				8F70B2A11B198979007D97CA /* b7.mp3 in Resources */,
				8F70B29B1B198979007D97CA /* b1.mp3 in Resources */,
				8F70B2B91B198979007D97CA /* d5.mp3 in Resources */,
				8F70B2EB1B19A843007D97CA /* crrect_answer3.mp3 in Resources */,
				8F70B2C81B198979007D97CA /* f2.mp3 in Resources */,
				8F70B2931B198979007D97CA /* a4m.mp3 in Resources */,
				8F70B2A21B198979007D97CA /* c1.mp3 in Resources */,
				8F70B2E11B198979007D97CA /* g7m.mp3 in Resources */,
				8F70B2E91B19A843007D97CA /* crrect_answer1.mp3 in Resources */,
				8F70B2CB1B198979007D97CA /* f3m.mp3 in Resources */,
				8F70B2A91B198979007D97CA /* c4m.mp3 in Resources */,
				8F70B2951B198979007D97CA /* a5m.mp3 in Resources */,
				8F70B2CE1B198979007D97CA /* f5.mp3 in Resources */,
				8F70B28D1B198979007D97CA /* a1m.mp3 in Resources */,
				8F4E052E1B0E0B7E0007A06F /* Main.storyboard in Resources */,
				8F70B2DF1B198979007D97CA /* g6m.mp3 in Resources */,
				8F70B28A1B198979007D97CA /* a0.mp3 in Resources */,
				8F70B2AB1B198979007D97CA /* c5m.mp3 in Resources */,
				8F70B2BE1B198979007D97CA /* d7m.mp3 in Resources */,
				8F70B2AD1B198979007D97CA /* c6m.mp3 in Resources */,
				8F7284041BBCE8600043A171 /* Launch Screen.storyboard in Resources */,
				8F665AC61B84CA4700B357C1 /* Launch Screen.xib in Resources */,
				8F4E05301B0E0B7E0007A06F /* Images.xcassets in Resources */,
				8F70B28B1B198979007D97CA /* a0m.mp3 in Resources */,
				8F70B2D21B198979007D97CA /* f7.mp3 in Resources */,
				8F70B2AF1B198979007D97CA /* c7m.mp3 in Resources */,
				8F70B2C61B198979007D97CA /* f1.mp3 in Resources */,
				8F70B2A51B198979007D97CA /* c2m.mp3 in Resources */,
				8F70B2B41B198979007D97CA /* d2m.mp3 in Resources */,
				8F70B2AA1B198979007D97CA /* c5.mp3 in Resources */,
				8F70B2C11B198979007D97CA /* e3.mp3 in Resources */,
				8F70B2B51B198979007D97CA /* d3.mp3 in Resources */,
				8F70B2B81B198979007D97CA /* d4m.mp3 in Resources */,
				8F70B2BB1B198979007D97CA /* d6.mp3 in Resources */,
				8F70B2DD1B198979007D97CA /* g5m.mp3 in Resources */,
				8F70B2D61B198979007D97CA /* g2.mp3 in Resources */,
				8F70B2D81B198979007D97CA /* g3.mp3 in Resources */,
				8F70B2991B198979007D97CA /* a7m.mp3 in Resources */,
				8F70B2E81B19A843007D97CA /* blip2.mp3 in Resources */,
				8F70B2C01B198979007D97CA /* e2.mp3 in Resources */,
				8F70B2C31B198979007D97CA /* e5.mp3 in Resources */,
				8F70B29A1B198979007D97CA /* b0.mp3 in Resources */,
				8F70B28C1B198979007D97CA /* a1.mp3 in Resources */,
				8F70B2D71B198979007D97CA /* g2m.mp3 in Resources */,
				8F70B2981B198979007D97CA /* a7.mp3 in Resources */,
				8F70B2911B198979007D97CA /* a3m.mp3 in Resources */,
				8F70B2B71B198979007D97CA /* d4.mp3 in Resources */,
				8F70B2D41B198979007D97CA /* g1.mp3 in Resources */,
				8F70B2B01B198979007D97CA /* c8.mp3 in Resources */,
				8F70B2D11B198979007D97CA /* f6m.mp3 in Resources */,
				8F70B2AC1B198979007D97CA /* c6.mp3 in Resources */,
				8F70B2EA1B19A843007D97CA /* crrect_answer2.mp3 in Resources */,
				8F70B2DC1B198979007D97CA /* g5.mp3 in Resources */,
				8F70B2C51B198979007D97CA /* e7.mp3 in Resources */,
				8F70B3251B19DB63007D97CA /* blackout_dulcimer1.mp3 in Resources */,
				8F70B2961B198979007D97CA /* a6.mp3 in Resources */,
				8F70B2AE1B198979007D97CA /* c7.mp3 in Resources */,
				8F70B28F1B198979007D97CA /* a2m.mp3 in Resources */,
				8F70B2C41B198979007D97CA /* e6.mp3 in Resources */,
				8F24D41C1B0F875D00F05394 /* clefList.plist in Resources */,
				8F70B2E01B198979007D97CA /* g7.mp3 in Resources */,
				8F70B2BF1B198979007D97CA /* e1.mp3 in Resources */,
				8F70B2A61B198979007D97CA /* c3.mp3 in Resources */,
				8F70B2A71B198979007D97CA /* c3m.mp3 in Resources */,
				8F70B2BD1B198979007D97CA /* d7.mp3 in Resources */,
				8F70B2D91B198979007D97CA /* g3m.mp3 in Resources */,
				8F70B2DB1B198979007D97CA /* g4m.mp3 in Resources */,
				8F70B29F1B198979007D97CA /* b5.mp3 in Resources */,
				8F70B2B11B198979007D97CA /* d1.mp3 in Resources */,
				8F70B29C1B198979007D97CA /* b2.mp3 in Resources */,
				8F70B2C91B198979007D97CA /* f2m.mp3 in Resources */,
				8F70B2D01B198979007D97CA /* f6.mp3 in Resources */,
				8F70B2BC1B198979007D97CA /* d6m.mp3 in Resources */,
				8F70B2BA1B198979007D97CA /* d5m.mp3 in Resources */,
				8F70B2941B198979007D97CA /* a5.mp3 in Resources */,
				8F70B2DA1B198979007D97CA /* g4.mp3 in Resources */,
				8F70B2C71B198979007D97CA /* f1m.mp3 in Resources */,
				8F70B28E1B198979007D97CA /* a2.mp3 in Resources */,
				8F70B2971B198979007D97CA /* a6m.mp3 in Resources */,
				8F70B2B21B198979007D97CA /* d1m.mp3 in Resources */,
			);
			runOnlyForDeploymentPostprocessing = 0;
		};
		8F4E05361B0E0B7E0007A06F /* Resources */ = {
			isa = PBXResourcesBuildPhase;
			buildActionMask = 2147483647;
			files = (
			);
			runOnlyForDeploymentPostprocessing = 0;
		};
/* End PBXResourcesBuildPhase section */

/* Begin PBXShellScriptBuildPhase section */
		7800356EC0D3AD6B82F9EE09 /* [CP] Copy Pods Resources */ = {
			isa = PBXShellScriptBuildPhase;
			alwaysOutOfDate = 1;
			buildActionMask = 2147483647;
			files = (
			);
			inputPaths = (
				"${PODS_ROOT}/Target Support Files/Pods-iMS/Pods-iMS-resources.sh",
				"${PODS_CONFIGURATION_BUILD_DIR}/Google-Mobile-Ads-SDK/GoogleMobileAdsResources.bundle",
				"${PODS_CONFIGURATION_BUILD_DIR}/GoogleUserMessagingPlatform/UserMessagingPlatformResources.bundle",
			);
			name = "[CP] Copy Pods Resources";
			outputPaths = (
				"${TARGET_BUILD_DIR}/${UNLOCALIZED_RESOURCES_FOLDER_PATH}/GoogleMobileAdsResources.bundle",
				"${TARGET_BUILD_DIR}/${UNLOCALIZED_RESOURCES_FOLDER_PATH}/UserMessagingPlatformResources.bundle",
			);
			runOnlyForDeploymentPostprocessing = 0;
			shellPath = /bin/sh;
			shellScript = "\"${PODS_ROOT}/Target Support Files/Pods-iMS/Pods-iMS-resources.sh\"\n";
			showEnvVarsInLog = 0;
		};
		832D6548F4580803CDAED33C /* [CP] Check Pods Manifest.lock */ = {
			isa = PBXShellScriptBuildPhase;
			alwaysOutOfDate = 1;
			buildActionMask = 2147483647;
			files = (
			);
			inputFileListPaths = (
			);
			inputPaths = (
				"${PODS_PODFILE_DIR_PATH}/Podfile.lock",
				"${PODS_ROOT}/Manifest.lock",
			);
			name = "[CP] Check Pods Manifest.lock";
			outputFileListPaths = (
			);
			outputPaths = (
				"$(DERIVED_FILE_DIR)/Pods-iMS-checkManifestLockResult.txt",
			);
			runOnlyForDeploymentPostprocessing = 0;
			shellPath = /bin/sh;
			shellScript = "diff \"${PODS_PODFILE_DIR_PATH}/Podfile.lock\" \"${PODS_ROOT}/Manifest.lock\" > /dev/null\nif [ $? != 0 ] ; then\n    # print error to STDERR\n    echo \"error: The sandbox is not in sync with the Podfile.lock. Run 'pod install' or update your CocoaPods installation.\" >&2\n    exit 1\nfi\n# This output is used by Xcode 'outputs' to avoid re-running this script phase.\necho \"SUCCESS\" > \"${SCRIPT_OUTPUT_FILE_0}\"\n";
			showEnvVarsInLog = 0;
		};
/* End PBXShellScriptBuildPhase section */

/* Begin PBXSourcesBuildPhase section */
		8F4E051F1B0E0B7E0007A06F /* Sources */ = {
			isa = PBXSourcesBuildPhase;
			buildActionMask = 2147483647;
			files = (
				8F4E052B1B0E0B7E0007A06F /* ViewController.swift in Sources */,
				8F4E05291B0E0B7E0007A06F /* AppDelegate.swift in Sources */,
				8F553DD11B1753B400E215F5 /* SuperViewController.swift in Sources */,
				8FANIM001B0E0B7E0007A06F /* UIView+SpringAnimation.swift in Sources */,
			);
			runOnlyForDeploymentPostprocessing = 0;
		};
		8F4E05341B0E0B7E0007A06F /* Sources */ = {
			isa = PBXSourcesBuildPhase;
			buildActionMask = 2147483647;
			files = (
				8F4E053F1B0E0B7E0007A06F /* iMSTests.swift in Sources */,
			);
			runOnlyForDeploymentPostprocessing = 0;
		};
/* End PBXSourcesBuildPhase section */

/* Begin PBXTargetDependency section */
		8F4E053A1B0E0B7E0007A06F /* PBXTargetDependency */ = {
			isa = PBXTargetDependency;
			target = 8F4E05221B0E0B7E0007A06F /* iMS */;
			targetProxy = 8F4E05391B0E0B7E0007A06F /* PBXContainerItemProxy */;
		};
/* End PBXTargetDependency section */

/* Begin PBXVariantGroup section */
		8F3DC5381BBD3056000D1E99 /* InfoPlist.strings */ = {
			isa = PBXVariantGroup;
			children = (
				8F3DC5371BBD3056000D1E99 /* Base */,
				8F3DC5391BBD3063000D1E99 /* en */,
				8F3DC53A1BBD306A000D1E99 /* zh-Hans */,
				8F3DC53B1BBD3073000D1E99 /* zh-Hant */,
			);
			name = InfoPlist.strings;
			sourceTree = "<group>";
		};
		8F4E052C1B0E0B7E0007A06F /* Main.storyboard */ = {
			isa = PBXVariantGroup;
			children = (
				8F4E052D1B0E0B7E0007A06F /* Base */,
			);
			name = Main.storyboard;
			sourceTree = "<group>";
		};
/* End PBXVariantGroup section */

/* Begin XCBuildConfiguration section */
		8F4E05401B0E0B7E0007A06F /* Debug */ = {
			isa = XCBuildConfiguration;
			buildSettings = {
				ALWAYS_SEARCH_USER_PATHS = NO;
				CLANG_ANALYZER_LOCALIZABILITY_NONLOCALIZED = YES;
				CLANG_CXX_LANGUAGE_STANDARD = "gnu++0x";
				CLANG_CXX_LIBRARY = "libc++";
				CLANG_ENABLE_MODULES = YES;
				CLANG_ENABLE_OBJC_ARC = YES;
				CLANG_WARN_BLOCK_CAPTURE_AUTORELEASING = YES;
				CLANG_WARN_BOOL_CONVERSION = YES;
				CLANG_WARN_COMMA = YES;
				CLANG_WARN_CONSTANT_CONVERSION = YES;
				CLANG_WARN_DEPRECATED_OBJC_IMPLEMENTATIONS = YES;
				CLANG_WARN_DIRECT_OBJC_ISA_USAGE = YES_ERROR;
				CLANG_WARN_EMPTY_BODY = YES;
				CLANG_WARN_ENUM_CONVERSION = YES;
				CLANG_WARN_INFINITE_RECURSION = YES;
				CLANG_WARN_INT_CONVERSION = YES;
				CLANG_WARN_NON_LITERAL_NULL_CONVERSION = YES;
				CLANG_WARN_OBJC_IMPLICIT_RETAIN_SELF = YES;
				CLANG_WARN_OBJC_LITERAL_CONVERSION = YES;
				CLANG_WARN_OBJC_ROOT_CLASS = YES_ERROR;
				CLANG_WARN_QUOTED_INCLUDE_IN_FRAMEWORK_HEADER = YES;
				CLANG_WARN_RANGE_LOOP_ANALYSIS = YES;
				CLANG_WARN_STRICT_PROTOTYPES = YES;
				CLANG_WARN_SUSPICIOUS_MOVE = YES;
				CLANG_WARN_UNREACHABLE_CODE = YES;
				CLANG_WARN__DUPLICATE_METHOD_MATCH = YES;
				"CODE_SIGN_IDENTITY[sdk=iphoneos*]" = "iPhone Developer";
				COPY_PHASE_STRIP = NO;
				DEBUG_INFORMATION_FORMAT = "dwarf-with-dsym";
				ENABLE_STRICT_OBJC_MSGSEND = YES;
				ENABLE_TESTABILITY = YES;
				ENABLE_USER_SCRIPT_SANDBOXING = NO;
				GCC_C_LANGUAGE_STANDARD = gnu99;
				GCC_DYNAMIC_NO_PIC = NO;
				GCC_NO_COMMON_BLOCKS = YES;
				GCC_OPTIMIZATION_LEVEL = 0;
				GCC_PREPROCESSOR_DEFINITIONS = (
					"DEBUG=1",
					"$(inherited)",
				);
				GCC_SYMBOLS_PRIVATE_EXTERN = NO;
				GCC_WARN_64_TO_32_BIT_CONVERSION = YES;
				GCC_WARN_ABOUT_RETURN_TYPE = YES_ERROR;
				GCC_WARN_UNDECLARED_SELECTOR = YES;
				GCC_WARN_UNINITIALIZED_AUTOS = YES_AGGRESSIVE;
				GCC_WARN_UNUSED_FUNCTION = YES;
				GCC_WARN_UNUSED_VARIABLE = YES;
				IPHONEOS_DEPLOYMENT_TARGET = 13.0;
				MTL_ENABLE_DEBUG_INFO = YES;
				ONLY_ACTIVE_ARCH = YES;
				SDKROOT = iphoneos;
				STRING_CATALOG_GENERATE_SYMBOLS = YES;
				SWIFT_OPTIMIZATION_LEVEL = "-Onone";
			};
			name = Debug;
		};
		8F4E05411B0E0B7E0007A06F /* Release */ = {
			isa = XCBuildConfiguration;
			buildSettings = {
				ALWAYS_SEARCH_USER_PATHS = NO;
				CLANG_ANALYZER_LOCALIZABILITY_NONLOCALIZED = YES;
				CLANG_CXX_LANGUAGE_STANDARD = "gnu++0x";
				CLANG_CXX_LIBRARY = "libc++";
				CLANG_ENABLE_MODULES = YES;
				CLANG_ENABLE_OBJC_ARC = YES;
				CLANG_WARN_BLOCK_CAPTURE_AUTORELEASING = YES;
				CLANG_WARN_BOOL_CONVERSION = YES;
				CLANG_WARN_COMMA = YES;
				CLANG_WARN_CONSTANT_CONVERSION = YES;
				CLANG_WARN_DEPRECATED_OBJC_IMPLEMENTATIONS = YES;
				CLANG_WARN_DIRECT_OBJC_ISA_USAGE = YES_ERROR;
				CLANG_WARN_EMPTY_BODY = YES;
				CLANG_WARN_ENUM_CONVERSION = YES;
				CLANG_WARN_INFINITE_RECURSION = YES;
				CLANG_WARN_INT_CONVERSION = YES;
				CLANG_WARN_NON_LITERAL_NULL_CONVERSION = YES;
				CLANG_WARN_OBJC_IMPLICIT_RETAIN_SELF = YES;
				CLANG_WARN_OBJC_LITERAL_CONVERSION = YES;
				CLANG_WARN_OBJC_ROOT_CLASS = YES_ERROR;
				CLANG_WARN_QUOTED_INCLUDE_IN_FRAMEWORK_HEADER = YES;
				CLANG_WARN_RANGE_LOOP_ANALYSIS = YES;
				CLANG_WARN_STRICT_PROTOTYPES = YES;
				CLANG_WARN_SUSPICIOUS_MOVE = YES;
				CLANG_WARN_UNREACHABLE_CODE = YES;
				CLANG_WARN__DUPLICATE_METHOD_MATCH = YES;
				"CODE_SIGN_IDENTITY[sdk=iphoneos*]" = "iPhone Developer";
				COPY_PHASE_STRIP = NO;
				DEBUG_INFORMATION_FORMAT = "dwarf-with-dsym";
				ENABLE_NS_ASSERTIONS = NO;
				ENABLE_STRICT_OBJC_MSGSEND = YES;
				ENABLE_USER_SCRIPT_SANDBOXING = NO;
				GCC_C_LANGUAGE_STANDARD = gnu99;
				GCC_NO_COMMON_BLOCKS = YES;
				GCC_WARN_64_TO_32_BIT_CONVERSION = YES;
				GCC_WARN_ABOUT_RETURN_TYPE = YES_ERROR;
				GCC_WARN_UNDECLARED_SELECTOR = YES;
				GCC_WARN_UNINITIALIZED_AUTOS = YES_AGGRESSIVE;
				GCC_WARN_UNUSED_FUNCTION = YES;
				GCC_WARN_UNUSED_VARIABLE = YES;
				IPHONEOS_DEPLOYMENT_TARGET = 13.0;
				MTL_ENABLE_DEBUG_INFO = NO;
				SDKROOT = iphoneos;
				STRING_CATALOG_GENERATE_SYMBOLS = YES;
				SWIFT_COMPILATION_MODE = wholemodule;
				VALIDATE_PRODUCT = YES;
			};
			name = Release;
		};
		8F4E05431B0E0B7E0007A06F /* Debug */ = {
			isa = XCBuildConfiguration;
			baseConfigurationReference = 207C823F2FDD991DA31FCBB1 /* Pods-iMS.debug.xcconfig */;
			buildSettings = {
				ASSETCATALOG_COMPILER_APPICON_NAME = AppIcon;
				CLANG_ENABLE_MODULES = YES;
				CODE_SIGN_IDENTITY = "iPhone Developer";
				"CODE_SIGN_IDENTITY[sdk=iphoneos*]" = "iPhone Developer";
				DEVELOPMENT_TEAM = Z7KKXCVDB3;
				ENABLE_BITCODE = NO;
				INFOPLIST_FILE = "$(SRCROOT)/iMS/Base.lproj/Info.plist";
				IPHONEOS_DEPLOYMENT_TARGET = 13.0;
				LD_RUNPATH_SEARCH_PATHS = (
					"$(inherited)",
					"@executable_path/Frameworks",
				);
				PRODUCT_BUNDLE_IDENTIFIER = "com.aircon.$(PRODUCT_NAME:rfc1034identifier)";
				PRODUCT_NAME = "$(TARGET_NAME)";
				PROVISIONING_PROFILE = "";
				SDKROOT = iphoneos;
				SWIFT_INSTALL_OBJC_HEADER = YES;
				SWIFT_OBJC_BRIDGING_HEADER = "iMS/iMS-Bridging-Header.h";
				SWIFT_OPTIMIZATION_LEVEL = "-Onone";
				SWIFT_VERSION = 6.0;
				TARGETED_DEVICE_FAMILY = 1;
			};
			name = Debug;
		};
		8F4E05441B0E0B7E0007A06F /* Release */ = {
			isa = XCBuildConfiguration;
			baseConfigurationReference = 963490EC6FB8DE6C7801BB4E /* Pods-iMS.release.xcconfig */;
			buildSettings = {
				ASSETCATALOG_COMPILER_APPICON_NAME = AppIcon;
				CLANG_ENABLE_MODULES = YES;
				CODE_SIGN_IDENTITY = "iPhone Developer";
				"CODE_SIGN_IDENTITY[sdk=iphoneos*]" = "iPhone Developer";
				DEVELOPMENT_TEAM = Z7KKXCVDB3;
				ENABLE_BITCODE = NO;
				INFOPLIST_FILE = "$(SRCROOT)/iMS/Base.lproj/Info.plist";
				IPHONEOS_DEPLOYMENT_TARGET = 13.0;
				LD_RUNPATH_SEARCH_PATHS = (
					"$(inherited)",
					"@executable_path/Frameworks",
				);
				PRODUCT_BUNDLE_IDENTIFIER = "com.aircon.$(PRODUCT_NAME:rfc1034identifier)";
				PRODUCT_NAME = "$(TARGET_NAME)";
				PROVISIONING_PROFILE = "";
				SDKROOT = iphoneos;
				SWIFT_INSTALL_OBJC_HEADER = YES;
				SWIFT_OBJC_BRIDGING_HEADER = "iMS/iMS-Bridging-Header.h";
				SWIFT_VERSION = 6.0;
				TARGETED_DEVICE_FAMILY = 1;
			};
			name = Release;
		};
		8F4E05461B0E0B7E0007A06F /* Debug */ = {
			isa = XCBuildConfiguration;
			buildSettings = {
				BUNDLE_LOADER = "$(TEST_HOST)";
				GCC_PREPROCESSOR_DEFINITIONS = (
					"DEBUG=1",
					"$(inherited)",
				);
				INFOPLIST_FILE = iMSTests/Info.plist;
				LD_RUNPATH_SEARCH_PATHS = (
					"$(inherited)",
					"@executable_path/Frameworks",
					"@loader_path/Frameworks",
				);
				PRODUCT_BUNDLE_IDENTIFIER = "com.aircon.$(PRODUCT_NAME:rfc1034identifier)";
				PRODUCT_NAME = "$(TARGET_NAME)";
				TEST_HOST = "$(BUILT_PRODUCTS_DIR)/iMS.app/iMS";
			};
			name = Debug;
		};
		8F4E05471B0E0B7E0007A06F /* Release */ = {
			isa = XCBuildConfiguration;
			buildSettings = {
				BUNDLE_LOADER = "$(TEST_HOST)";
				INFOPLIST_FILE = iMSTests/Info.plist;
				LD_RUNPATH_SEARCH_PATHS = (
					"$(inherited)",
					"@executable_path/Frameworks",
					"@loader_path/Frameworks",
				);
				PRODUCT_BUNDLE_IDENTIFIER = "com.aircon.$(PRODUCT_NAME:rfc1034identifier)";
				PRODUCT_NAME = "$(TARGET_NAME)";
				TEST_HOST = "$(BUILT_PRODUCTS_DIR)/iMS.app/iMS";
			};
			name = Release;
		};
/* End XCBuildConfiguration section */

/* Begin XCConfigurationList section */
		8F4E051E1B0E0B7E0007A06F /* Build configuration list for PBXProject "iMS" */ = {
			isa = XCConfigurationList;
			buildConfigurations = (
				8F4E05401B0E0B7E0007A06F /* Debug */,
				8F4E05411B0E0B7E0007A06F /* Release */,
			);
			defaultConfigurationIsVisible = 0;
			defaultConfigurationName = Release;
		};
		8F4E05421B0E0B7E0007A06F /* Build configuration list for PBXNativeTarget "iMS" */ = {
			isa = XCConfigurationList;
			buildConfigurations = (
				8F4E05431B0E0B7E0007A06F /* Debug */,
				8F4E05441B0E0B7E0007A06F /* Release */,
			);
			defaultConfigurationIsVisible = 0;
			defaultConfigurationName = Release;
		};
		8F4E05451B0E0B7E0007A06F /* Build configuration list for PBXNativeTarget "iMSTests" */ = {
			isa = XCConfigurationList;
			buildConfigurations = (
				8F4E05461B0E0B7E0007A06F /* Debug */,
				8F4E05471B0E0B7E0007A06F /* Release */,
			);
			defaultConfigurationIsVisible = 0;
			defaultConfigurationName = Release;
		};
/* End XCConfigurationList section */
	};
	rootObject = 8F4E051B1B0E0B7E0007A06F /* Project object */;
}
